lockfileVersion: '9.0'

settings:
  autoInstallPeers: true
  excludeLinksFromLockfile: false

importers:

  .:
    dependencies:
      slate:
        specifier: ^0.126.2
        version: 0.126.2

packages:

  slate@0.126.2:
    resolution: {integrity: sha512-38C8GU9awiEbroZm+DzXEFUWKptb1QV9xcgcUjseas4PtqQdBnEPITocosYzFHXEVrlkafjZEv8KH8pjhe0esQ==}

snapshots:

  slate@0.126.2: {}
